github.com/at-import/Sassy-math v1.5.1 h1:LH+V6hcxiQ3beLITKflPCV+en4QjYd3p0lMOK+tgU2s=
github.com/at-import/Sassy-math v1.5.1/go.mod h1:U/7q1mx4LV91V0qnIrTg/CafKJyD4jC5OOXDmr8X+Ds=
gitlab.com/aao-fyi/clue-fyi v0.0.0-20230325201734-2bd06a0dabbb h1:ucxLHq0W4h7WGa+prVsvk21ZtJ5mOZ5mSXYrrksJQ5o=
gitlab.com/aao-fyi/clue-fyi v0.0.0-20230325201734-2bd06a0dabbb/go.mod h1:w9Nle3QJRhsNR19h9LjSVDFO4UU1+G2T7pV/70WTcc4=
