github.com/at-import/Sassy-math v1.5.1 h1:LH+V6hcxiQ3beLITKflPCV+en4QjYd3p0lMOK+tgU2s=
github.com/at-import/Sassy-math v1.5.1/go.mod h1:U/7q1mx4LV91V0qnIrTg/CafKJyD4jC5OOXDmr8X+Ds=
gitlab.com/aao-fyi/shock v0.0.0-20230515045728-30ba306acdc7 h1:tbTZCd9S2DfPRPPTqg2NvT59uqRP/LBhnzoIAyv27wE=
gitlab.com/aao-fyi/shock v0.0.0-20230515045728-30ba306acdc7/go.mod h1:B9ZZM5XqtfMktPpWcI9RYS3A3Ujuue8s4sLjZVXp88M=
